
Microsoft Visual Studio Solution File, Format Version 12.00
# Visual Studio Version 17
VisualStudioVersion = 17.13.35828.75 d17.13
MinimumVisualStudioVersion = 10.0.40219.1
Project("{FAE04EC0-301F-11D3-BF4B-00C04F79EFBC}") = "DuesManager", "DuesManager.csproj", "{B1EA5CB3-CADE-4CA8-93E1-E0C2DC1AFEBD}"
EndProject
Global
	GlobalSection(SolutionConfigurationPlatforms) = preSolution
		Debug|Any CPU = Debug|Any CPU
		Release|Any CPU = Release|Any CPU
	EndGlobalSection
	GlobalSection(ProjectConfigurationPlatforms) = postSolution
		{B1EA5CB3-CADE-4CA8-93E1-E0C2DC1AFEBD}.Debug|Any CPU.ActiveCfg = Debug|Any CPU
		{B1EA5CB3-CADE-4CA8-93E1-E0C2DC1AFEBD}.Debug|Any CPU.Build.0 = Debug|Any CPU
		{B1EA5CB3-CADE-4CA8-93E1-E0C2DC1AFEBD}.Release|Any CPU.ActiveCfg = Release|Any CPU
		{B1EA5CB3-CADE-4CA8-93E1-E0C2DC1AFEBD}.Release|Any CPU.Build.0 = Release|Any CPU
	EndGlobalSection
	GlobalSection(SolutionProperties) = preSolution
		HideSolutionNode = FALSE
	EndGlobalSection
	GlobalSection(ExtensibilityGlobals) = postSolution
		SolutionGuid = {AA828EC3-1A8D-44F1-99AA-142129C88888}
	EndGlobalSection
EndGlobal
